
Microsoft Visual Studio Solution File, Format Version 12.00
# Visual Studio Version 16
VisualStudioVersion = 16.0.30523.141
MinimumVisualStudioVersion = 10.0.40219.1
Project("{FAE04EC0-301F-11D3-BF4B-00C04F79EFBC}") = "SubsetAlgorithmsBenchmark", "SubsetAlgorithmsBenchmark\SubsetAlgorithmsBenchmark.csproj", "{2210D092-2E9D-4A88-AF4D-C49316F45829}"
EndProject
Global
	GlobalSection(SolutionConfigurationPlatforms) = preSolution
		Debug|Any CPU = Debug|Any CPU
		Release|Any CPU = Release|Any CPU
	EndGlobalSection
	GlobalSection(ProjectConfigurationPlatforms) = postSolution
		{2210D092-2E9D-4A88-AF4D-C49316F45829}.Debug|Any CPU.ActiveCfg = Debug|Any CPU
		{2210D092-2E9D-4A88-AF4D-C49316F45829}.Debug|Any CPU.Build.0 = Debug|Any CPU
		{2210D092-2E9D-4A88-AF4D-C49316F45829}.Release|Any CPU.ActiveCfg = Release|Any CPU
		{2210D092-2E9D-4A88-AF4D-C49316F45829}.Release|Any CPU.Build.0 = Release|Any CPU
	EndGlobalSection
	GlobalSection(SolutionProperties) = preSolution
		HideSolutionNode = FALSE
	EndGlobalSection
	GlobalSection(ExtensibilityGlobals) = postSolution
		SolutionGuid = {DDE5C2F4-0092-46F3-90BF-6DC0314B8CDD}
	EndGlobalSection
EndGlobal
